
Microsoft Visual Studio Solution File, Format Version 12.00
# Visual Studio Version 17
VisualStudioVersion = 17.7.34024.191
MinimumVisualStudioVersion = 10.0.40219.1
Project("{FAE04EC0-301F-11D3-BF4B-00C04F79EFBC}") = "WordFill", "WordFill\WordFill.csproj", "{80DE24AC-1323-44FD-BBA7-B06DC3F53B2D}"
EndProject
Global
	GlobalSection(SolutionConfigurationPlatforms) = preSolution
		Debug|Any CPU = Debug|Any CPU
		Release|Any CPU = Release|Any CPU
	EndGlobalSection
	GlobalSection(ProjectConfigurationPlatforms) = postSolution
		{80DE24AC-1323-44FD-BBA7-B06DC3F53B2D}.Debug|Any CPU.ActiveCfg = Debug|Any CPU
		{80DE24AC-1323-44FD-BBA7-B06DC3F53B2D}.Debug|Any CPU.Build.0 = Debug|Any CPU
		{80DE24AC-1323-44FD-BBA7-B06DC3F53B2D}.Release|Any CPU.ActiveCfg = Release|Any CPU
		{80DE24AC-1323-44FD-BBA7-B06DC3F53B2D}.Release|Any CPU.Build.0 = Release|Any CPU
	EndGlobalSection
	GlobalSection(SolutionProperties) = preSolution
		HideSolutionNode = FALSE
	EndGlobalSection
	GlobalSection(ExtensibilityGlobals) = postSolution
		SolutionGuid = {96784ACD-35FA-4EF9-98CC-076ACF3DFECE}
	EndGlobalSection
EndGlobal
